{
  "name": "@bjtmastermind/dynamic-data-storage",
  "version": "1.2.0",
  "lockfileVersion": 3,
  "requires": true,
  "packages": {
    "": {
      "name": "@bjtmastermind/dynamic-data-storage",
      "version": "1.2.0",
      "license": "GPL-2.0",
      "dependencies": {
        "@minecraft/server": "^1.17.0-beta.1.21.50-stable"
      },
      "devDependencies": {
        "typescript": "^5.6.3"
      }
    },
    "node_modules/@minecraft/common": {
      "version": "1.2.0",
      "resolved": "https://registry.npmjs.org/@minecraft/common/-/common-1.2.0.tgz",
      "integrity": "sha512-JdmEq4P3Z/FtoBzhLijFgMSVFnFRrUoLwY8DHHrgtFo0mfLTOLTB1RErYjLMsA6b7BGVNxkX/pfFRiH7QZ0XwQ==",
      "license": "MIT"
    },
    "node_modules/@minecraft/server": {
      "version": "1.17.0-beta.1.21.50-stable",
      "resolved": "https://registry.npmjs.org/@minecraft/server/-/server-1.17.0-beta.1.21.50-stable.tgz",
      "integrity": "sha512-1z4JDpAuHqkYAqSV2URQdpl9rHMxkSuY2b7TspIODNCmX/aiDUiQrB1rjAiKv6/OTMnIU3TZ+7NezBZbPt4azQ==",
      "license": "MIT",
      "dependencies": {
        "@minecraft/common": "^1.1.0"
      },
      "peerDependencies": {
        "@minecraft/vanilla-data": ">=1.20.70"
      }
    },
    "node_modules/@minecraft/vanilla-data": {
      "version": "1.21.50",
      "resolved": "https://registry.npmjs.org/@minecraft/vanilla-data/-/vanilla-data-1.21.50.tgz",
      "integrity": "sha512-4tOzFRGyMxuFLJPo/tN68/FKQwTAxINxFVz4frRcSBliVbAq6hDsDcRcUykWCRFbIU59HG73r6DxwqDOc3Z3wQ==",
      "license": "MIT",
      "peer": true
    },
    "node_modules/typescript": {
      "version": "5.6.3",
      "resolved": "https://registry.npmjs.org/typescript/-/typescript-5.6.3.tgz",
      "integrity": "sha512-hjcS1mhfuyi4WW8IWtjP7brDrG2cuDZukyrYrSauoXGNgx0S7zceP07adYkJycEr56BOUTNPzbInooiN3fn1qw==",
      "dev": true,
      "license": "Apache-2.0",
      "bin": {
        "tsc": "bin/tsc",
        "tsserver": "bin/tsserver"
      },
      "engines": {
        "node": ">=14.17"
      }
    }
  }
}
