{
  "name": "@bjtmastermind/dynamic-data-storage",
  "version": "1.1.3",
  "lockfileVersion": 3,
  "requires": true,
  "packages": {
    "": {
      "name": "@bjtmastermind/dynamic-data-storage",
      "version": "1.1.3",
      "license": "GPL-2.0",
      "devDependencies": {
        "@minecraft/server": "^1.15.0",
        "typescript": "^5.6.3"
      }
    },
    "node_modules/@minecraft/common": {
      "version": "1.2.0",
      "resolved": "https://registry.npmjs.org/@minecraft/common/-/common-1.2.0.tgz",
      "integrity": "sha512-JdmEq4P3Z/FtoBzhLijFgMSVFnFRrUoLwY8DHHrgtFo0mfLTOLTB1RErYjLMsA6b7BGVNxkX/pfFRiH7QZ0XwQ==",
      "dev": true,
      "license": "MIT"
    },
    "node_modules/@minecraft/server": {
      "version": "1.15.0",
      "resolved": "https://registry.npmjs.org/@minecraft/server/-/server-1.15.0.tgz",
      "integrity": "sha512-KpXtxwuwr0hSBbTYOaMR6hSLG+UBWvifhkmnu2Tx32567hBp2N4DxVmoIXT0swQ8RFvv1o6PyGHXqm3Qfw1wOg==",
      "dev": true,
      "license": "MIT",
      "dependencies": {
        "@minecraft/common": "^1.1.0"
      }
    },
    "node_modules/typescript": {
      "version": "5.6.3",
      "resolved": "https://registry.npmjs.org/typescript/-/typescript-5.6.3.tgz",
      "integrity": "sha512-hjcS1mhfuyi4WW8IWtjP7brDrG2cuDZukyrYrSauoXGNgx0S7zceP07adYkJycEr56BOUTNPzbInooiN3fn1qw==",
      "dev": true,
      "license": "Apache-2.0",
      "bin": {
        "tsc": "bin/tsc",
        "tsserver": "bin/tsserver"
      },
      "engines": {
        "node": ">=14.17"
      }
    }
  }
}
